
Microsoft Visual Studio Solution File, Format Version 12.00
# Visual Studio Version 17
VisualStudioVersion = 17.8.34004.107
MinimumVisualStudioVersion = 10.0.40219.1
Project("{9A19103F-16F7-4668-BE54-9A1E7A4F7556}") = "BulkyWeb", "BulkyWeb\BulkyWeb.csproj", "{77BA5F85-8957-4991-B1B5-F46595EB1FB5}"
EndProject
Project("{FAE04EC0-301F-11D3-BF4B-00C04F79EFBC}") = "Bulky.DataAccess", "Bulky.DataAccess\Bulky.DataAccess.csproj", "{9F21CAE8-17B7-4129-B20E-19D3DE282960}"
EndProject
Project("{FAE04EC0-301F-11D3-BF4B-00C04F79EFBC}") = "Bulky.Models", "Bulky.Models\Bulky.Models.csproj", "{C974CC2A-41EC-4984-B03D-C1EB12BD66ED}"
EndProject
Project("{FAE04EC0-301F-11D3-BF4B-00C04F79EFBC}") = "Bulky.Utility", "Bulky.Utility\Bulky.Utility.csproj", "{E0829FD5-E7C8-4FF1-B76C-67A5481C9E80}"
EndProject
Global
	GlobalSection(SolutionConfigurationPlatforms) = preSolution
		Debug|Any CPU = Debug|Any CPU
		Release|Any CPU = Release|Any CPU
	EndGlobalSection
	GlobalSection(ProjectConfigurationPlatforms) = postSolution
		{77BA5F85-8957-4991-B1B5-F46595EB1FB5}.Debug|Any CPU.ActiveCfg = Debug|Any CPU
		{77BA5F85-8957-4991-B1B5-F46595EB1FB5}.Debug|Any CPU.Build.0 = Debug|Any CPU
		{77BA5F85-8957-4991-B1B5-F46595EB1FB5}.Release|Any CPU.ActiveCfg = Release|Any CPU
		{77BA5F85-8957-4991-B1B5-F46595EB1FB5}.Release|Any CPU.Build.0 = Release|Any CPU
		{9F21CAE8-17B7-4129-B20E-19D3DE282960}.Debug|Any CPU.ActiveCfg = Debug|Any CPU
		{9F21CAE8-17B7-4129-B20E-19D3DE282960}.Debug|Any CPU.Build.0 = Debug|Any CPU
		{9F21CAE8-17B7-4129-B20E-19D3DE282960}.Release|Any CPU.ActiveCfg = Release|Any CPU
		{9F21CAE8-17B7-4129-B20E-19D3DE282960}.Release|Any CPU.Build.0 = Release|Any CPU
		{C974CC2A-41EC-4984-B03D-C1EB12BD66ED}.Debug|Any CPU.ActiveCfg = Debug|Any CPU
		{C974CC2A-41EC-4984-B03D-C1EB12BD66ED}.Debug|Any CPU.Build.0 = Debug|Any CPU
		{C974CC2A-41EC-4984-B03D-C1EB12BD66ED}.Release|Any CPU.ActiveCfg = Release|Any CPU
		{C974CC2A-41EC-4984-B03D-C1EB12BD66ED}.Release|Any CPU.Build.0 = Release|Any CPU
		{E0829FD5-E7C8-4FF1-B76C-67A5481C9E80}.Debug|Any CPU.ActiveCfg = Debug|Any CPU
		{E0829FD5-E7C8-4FF1-B76C-67A5481C9E80}.Debug|Any CPU.Build.0 = Debug|Any CPU
		{E0829FD5-E7C8-4FF1-B76C-67A5481C9E80}.Release|Any CPU.ActiveCfg = Release|Any CPU
		{E0829FD5-E7C8-4FF1-B76C-67A5481C9E80}.Release|Any CPU.Build.0 = Release|Any CPU
	EndGlobalSection
	GlobalSection(SolutionProperties) = preSolution
		HideSolutionNode = FALSE
	EndGlobalSection
	GlobalSection(ExtensibilityGlobals) = postSolution
		SolutionGuid = {C964ADC8-22A9-4EDB-936C-C5A880F38C89}
	EndGlobalSection
EndGlobal
